version = 1
revision = 3
requires-python = ">=3.13"

[[package]]
name = "hjson"
version = "3.1.0"
source = { registry = "https://pypi.org/simple" }
sdist = { url = "https://files.pythonhosted.org/packages/82/e5/0b56d723a76ca67abadbf7fb71609fb0ea7e6926e94fcca6c65a85b36a0e/hjson-3.1.0.tar.gz", hash = "sha256:55af475a27cf83a7969c808399d7bccdec8fb836a07ddbd574587593b9cdcf75", size = 40541, upload-time = "2022-08-13T02:53:01.919Z" }
wheels = [
    { url = "https://files.pythonhosted.org/packages/1f/7f/13cd798d180af4bf4c0ceddeefba2b864a63c71645abc0308b768d67bb81/hjson-3.1.0-py3-none-any.whl", hash = "sha256:65713cdcf13214fb554eb8b4ef803419733f4f5e551047c9b711098ab7186b89", size = 54018, upload-time = "2022-08-13T02:52:59.899Z" },
]

[[package]]
name = "metadata-sync"
version = "0.1.0"
source = { editable = "." }
dependencies = [
    { name = "hjson" },
    { name = "mutagen" },
    { name = "tinytag" },
]

[package.metadata]
requires-dist = [
    { name = "hjson", specifier = ">=3.1.0" },
    { name = "mutagen", specifier = ">=1.47.0" },
    { name = "tinytag", specifier = ">=2.2.0" },
]

[[package]]
name = "mutagen"
version = "1.47.0"
source = { registry = "https://pypi.org/simple" }
sdist = { url = "https://files.pythonhosted.org/packages/81/e6/64bc71b74eef4b68e61eb921dcf72dabd9e4ec4af1e11891bbd312ccbb77/mutagen-1.47.0.tar.gz", hash = "sha256:719fadef0a978c31b4cf3c956261b3c58b6948b32023078a2117b1de09f0fc99", size = 1274186, upload-time = "2023-09-03T16:33:33.411Z" }
wheels = [
    { url = "https://files.pythonhosted.org/packages/b0/7a/620f945b96be1f6ee357d211d5bf74ab1b7fe72a9f1525aafbfe3aee6875/mutagen-1.47.0-py3-none-any.whl", hash = "sha256:edd96f50c5907a9539d8e5bba7245f62c9f520aef333d13392a79a4f70aca719", size = 194391, upload-time = "2023-09-03T16:33:29.955Z" },
]

[[package]]
name = "tinytag"
version = "2.2.0"
source = { registry = "https://pypi.org/simple" }
sdist = { url = "https://files.pythonhosted.org/packages/98/07/fb260bac73119f369a10e884016516d07cd760b5068e703773f83dd5e7bf/tinytag-2.2.0.tar.gz", hash = "sha256:f15b082510f6e0fc717e597edc8759d6f2d3ff6194ac0f3bcd675a9a09d9b798", size = 38120, upload-time = "2025-12-15T21:10:19.093Z" }
wheels = [
    { url = "https://files.pythonhosted.org/packages/b1/e2/9818fcebb348237389d2ac2fea97cf2b2638378a0866105a45ae9be49728/tinytag-2.2.0-py3-none-any.whl", hash = "sha256:d2cf3ef8ee0f6c854663f77d9d5f8159ee1c834c70f5ea4f214ddc4af8148f79", size = 32861, upload-time = "2025-12-15T21:10:17.63Z" },
]
